// !$*UTF8*$!
{
	archiveVersion = 1;
	classes = {
	};
	objectVersion = 48;
	objects = {

/* Begin PBXBuildFile section */
		2915FA79A7C171A9372EF76F /* Pods_Pronto.framework in Frameworks */ = {isa = PBXBuildFile; fileRef = 658B4F5F19042E05AD938E57 /* Pods_Pronto.framework */; };
		A21150881FD28D7F00185DAA /* SKLabelNode+.swift in Sources */ = {isa = PBXBuildFile; fileRef = A21150871FD28D7F00185DAA /* SKLabelNode+.swift */; };
		A211508F1FD2C23E00185DAA /* Food101.mlmodel in Sources */ = {isa = PBXBuildFile; fileRef = A211508E1FD2C23E00185DAA /* Food101.mlmodel */; };
		A21150951FD2E0C800185DAA /* ApiService.swift in Sources */ = {isa = PBXBuildFile; fileRef = A21150941FD2E0C800185DAA /* ApiService.swift */; };
		A21150981FD2E37300185DAA /* FoodParam.swift in Sources */ = {isa = PBXBuildFile; fileRef = A21150971FD2E37300185DAA /* FoodParam.swift */; };
		A211509B1FD2E4AD00185DAA /* Repository.swift in Sources */ = {isa = PBXBuildFile; fileRef = A211509A1FD2E4AD00185DAA /* Repository.swift */; };
		A22639361FD346FD006B1891 /* MerchantCollectionViewCell.swift in Sources */ = {isa = PBXBuildFile; fileRef = A22639351FD346FD006B1891 /* MerchantCollectionViewCell.swift */; };
		A2D3CD891FD317D800D704FD /* Food.swift in Sources */ = {isa = PBXBuildFile; fileRef = A2D3CD881FD317D800D704FD /* Food.swift */; };
		A2D96E0C1FD25897000CCF79 /* AppDelegate.swift in Sources */ = {isa = PBXBuildFile; fileRef = A2D96E0B1FD25897000CCF79 /* AppDelegate.swift */; };
		A2D96E0E1FD25897000CCF79 /* Scene.sks in Resources */ = {isa = PBXBuildFile; fileRef = A2D96E0D1FD25897000CCF79 /* Scene.sks */; };
		A2D96E101FD25897000CCF79 /* Scene.swift in Sources */ = {isa = PBXBuildFile; fileRef = A2D96E0F1FD25897000CCF79 /* Scene.swift */; };
		A2D96E121FD25897000CCF79 /* ViewController.swift in Sources */ = {isa = PBXBuildFile; fileRef = A2D96E111FD25897000CCF79 /* ViewController.swift */; };
		A2D96E151FD25897000CCF79 /* Main.storyboard in Resources */ = {isa = PBXBuildFile; fileRef = A2D96E131FD25897000CCF79 /* Main.storyboard */; };
		A2D96E171FD25897000CCF79 /* Assets.xcassets in Resources */ = {isa = PBXBuildFile; fileRef = A2D96E161FD25897000CCF79 /* Assets.xcassets */; };
		A2D96E1A1FD25897000CCF79 /* LaunchScreen.storyboard in Resources */ = {isa = PBXBuildFile; fileRef = A2D96E181FD25897000CCF79 /* LaunchScreen.storyboard */; };
		A2D96E231FD25DAB000CCF79 /* UIView+Designable.swift in Sources */ = {isa = PBXBuildFile; fileRef = A2D96E221FD25DAB000CCF79 /* UIView+Designable.swift */; };
/* End PBXBuildFile section */

/* Begin PBXFileReference section */
		658B4F5F19042E05AD938E57 /* Pods_Pronto.framework */ = {isa = PBXFileReference; explicitFileType = wrapper.framework; includeInIndex = 0; path = Pods_Pronto.framework; sourceTree = BUILT_PRODUCTS_DIR; };
		845BDD71266FD9C1F9DF35E8 /* Pods-Pronto.release.xcconfig */ = {isa = PBXFileReference; includeInIndex = 1; lastKnownFileType = text.xcconfig; name = "Pods-Pronto.release.xcconfig"; path = "Pods/Target Support Files/Pods-Pronto/Pods-Pronto.release.xcconfig"; sourceTree = "<group>"; };
		A21150871FD28D7F00185DAA /* SKLabelNode+.swift */ = {isa = PBXFileReference; lastKnownFileType = sourcecode.swift; path = "SKLabelNode+.swift"; sourceTree = "<group>"; };
		A211508E1FD2C23E00185DAA /* Food101.mlmodel */ = {isa = PBXFileReference; lastKnownFileType = file.mlmodel; path = Food101.mlmodel; sourceTree = "<group>"; };
		A21150941FD2E0C800185DAA /* ApiService.swift */ = {isa = PBXFileReference; lastKnownFileType = sourcecode.swift; path = ApiService.swift; sourceTree = "<group>"; };
		A21150971FD2E37300185DAA /* FoodParam.swift */ = {isa = PBXFileReference; lastKnownFileType = sourcecode.swift; path = FoodParam.swift; sourceTree = "<group>"; };
		A211509A1FD2E4AD00185DAA /* Repository.swift */ = {isa = PBXFileReference; lastKnownFileType = sourcecode.swift; path = Repository.swift; sourceTree = "<group>"; };
		A22639351FD346FD006B1891 /* MerchantCollectionViewCell.swift */ = {isa = PBXFileReference; lastKnownFileType = sourcecode.swift; path = MerchantCollectionViewCell.swift; sourceTree = "<group>"; };
		A2D3CD881FD317D800D704FD /* Food.swift */ = {isa = PBXFileReference; lastKnownFileType = sourcecode.swift; path = Food.swift; sourceTree = "<group>"; };
		A2D96E081FD25897000CCF79 /* Pronto.app */ = {isa = PBXFileReference; explicitFileType = wrapper.application; includeInIndex = 0; path = Pronto.app; sourceTree = BUILT_PRODUCTS_DIR; };
		A2D96E0B1FD25897000CCF79 /* AppDelegate.swift */ = {isa = PBXFileReference; lastKnownFileType = sourcecode.swift; path = AppDelegate.swift; sourceTree = "<group>"; };
		A2D96E0D1FD25897000CCF79 /* Scene.sks */ = {isa = PBXFileReference; lastKnownFileType = file.sks; path = Scene.sks; sourceTree = "<group>"; };
		A2D96E0F1FD25897000CCF79 /* Scene.swift */ = {isa = PBXFileReference; lastKnownFileType = sourcecode.swift; path = Scene.swift; sourceTree = "<group>"; };
		A2D96E111FD25897000CCF79 /* ViewController.swift */ = {isa = PBXFileReference; lastKnownFileType = sourcecode.swift; path = ViewController.swift; sourceTree = "<group>"; };
		A2D96E141FD25897000CCF79 /* Base */ = {isa = PBXFileReference; lastKnownFileType = file.storyboard; name = Base; path = Base.lproj/Main.storyboard; sourceTree = "<group>"; };
		A2D96E161FD25897000CCF79 /* Assets.xcassets */ = {isa = PBXFileReference; lastKnownFileType = folder.assetcatalog; path = Assets.xcassets; sourceTree = "<group>"; };
		A2D96E191FD25897000CCF79 /* Base */ = {isa = PBXFileReference; lastKnownFileType = file.storyboard; name = Base; path = Base.lproj/LaunchScreen.storyboard; sourceTree = "<group>"; };
		A2D96E1B1FD25897000CCF79 /* Info.plist */ = {isa = PBXFileReference; lastKnownFileType = text.plist.xml; path = Info.plist; sourceTree = "<group>"; };
		A2D96E221FD25DAB000CCF79 /* UIView+Designable.swift */ = {isa = PBXFileReference; lastKnownFileType = sourcecode.swift; path = "UIView+Designable.swift"; sourceTree = "<group>"; };
		DDEFE6CFFC8FB3A5102A9B38 /* Pods-Pronto.debug.xcconfig */ = {isa = PBXFileReference; includeInIndex = 1; lastKnownFileType = text.xcconfig; name = "Pods-Pronto.debug.xcconfig"; path = "Pods/Target Support Files/Pods-Pronto/Pods-Pronto.debug.xcconfig"; sourceTree = "<group>"; };
/* End PBXFileReference section */

/* Begin PBXFrameworksBuildPhase section */
		A2D96E051FD25897000CCF79 /* Frameworks */ = {
			isa = PBXFrameworksBuildPhase;
			buildActionMask = 2147483647;
			files = (
				2915FA79A7C171A9372EF76F /* Pods_Pronto.framework in Frameworks */,
			);
			runOnlyForDeploymentPostprocessing = 0;
		};
/* End PBXFrameworksBuildPhase section */

/* Begin PBXGroup section */
		2EBB1AA6F12FD3A0661A2654 /* Frameworks */ = {
			isa = PBXGroup;
			children = (
				658B4F5F19042E05AD938E57 /* Pods_Pronto.framework */,
			);
			name = Frameworks;
			sourceTree = "<group>";
		};
		A21150931FD2E09300185DAA /* Data */ = {
			isa = PBXGroup;
			children = (
				A21150941FD2E0C800185DAA /* ApiService.swift */,
				A211509A1FD2E4AD00185DAA /* Repository.swift */,
				A21150961FD2E36900185DAA /* Param */,
			);
			path = Data;
			sourceTree = "<group>";
		};
		A21150961FD2E36900185DAA /* Param */ = {
			isa = PBXGroup;
			children = (
				A21150971FD2E37300185DAA /* FoodParam.swift */,
			);
			path = Param;
			sourceTree = "<group>";
		};
		A2D3CD871FD317C800D704FD /* Models */ = {
			isa = PBXGroup;
			children = (
				A2D3CD881FD317D800D704FD /* Food.swift */,
			);
			path = Models;
			sourceTree = "<group>";
		};
		A2D96DFF1FD25897000CCF79 = {
			isa = PBXGroup;
			children = (
				A2D96E0A1FD25897000CCF79 /* Pronto */,
				A2D96E091FD25897000CCF79 /* Products */,
				B41A361C6A61F1E5383201DA /* Pods */,
				2EBB1AA6F12FD3A0661A2654 /* Frameworks */,
			);
			sourceTree = "<group>";
		};
		A2D96E091FD25897000CCF79 /* Products */ = {
			isa = PBXGroup;
			children = (
				A2D96E081FD25897000CCF79 /* Pronto.app */,
			);
			name = Products;
			sourceTree = "<group>";
		};
		A2D96E0A1FD25897000CCF79 /* Pronto */ = {
			isa = PBXGroup;
			children = (
				A211508E1FD2C23E00185DAA /* Food101.mlmodel */,
				A2D96E1B1FD25897000CCF79 /* Info.plist */,
				A2D96E0D1FD25897000CCF79 /* Scene.sks */,
				A2D96E0B1FD25897000CCF79 /* AppDelegate.swift */,
				A2D96E0F1FD25897000CCF79 /* Scene.swift */,
				A2D96E111FD25897000CCF79 /* ViewController.swift */,
				A2D96E161FD25897000CCF79 /* Assets.xcassets */,
				A21150931FD2E09300185DAA /* Data */,
				A2D96E211FD25D97000CCF79 /* Extensions */,
				A2D96E181FD25897000CCF79 /* LaunchScreen.storyboard */,
				A2D96E131FD25897000CCF79 /* Main.storyboard */,
				A2D3CD871FD317C800D704FD /* Models */,
				A22639351FD346FD006B1891 /* MerchantCollectionViewCell.swift */,
			);
			path = Pronto;
			sourceTree = "<group>";
		};
		A2D96E211FD25D97000CCF79 /* Extensions */ = {
			isa = PBXGroup;
			children = (
				A2D96E221FD25DAB000CCF79 /* UIView+Designable.swift */,
				A21150871FD28D7F00185DAA /* SKLabelNode+.swift */,
			);
			path = Extensions;
			sourceTree = "<group>";
		};
		B41A361C6A61F1E5383201DA /* Pods */ = {
			isa = PBXGroup;
			children = (
				DDEFE6CFFC8FB3A5102A9B38 /* Pods-Pronto.debug.xcconfig */,
				845BDD71266FD9C1F9DF35E8 /* Pods-Pronto.release.xcconfig */,
			);
			name = Pods;
			sourceTree = "<group>";
		};
/* End PBXGroup section */

/* Begin PBXNativeTarget section */
		A2D96E071FD25897000CCF79 /* Pronto */ = {
			isa = PBXNativeTarget;
			buildConfigurationList = A2D96E1E1FD25897000CCF79 /* Build configuration list for PBXNativeTarget "Pronto" */;
			buildPhases = (
				A8E8CB0A87A4371F3CFDF1AB /* [CP] Check Pods Manifest.lock */,
				A2D96E041FD25897000CCF79 /* Sources */,
				A2D96E051FD25897000CCF79 /* Frameworks */,
				A2D96E061FD25897000CCF79 /* Resources */,
				9C65D58AC557BE69A648AE28 /* [CP] Embed Pods Frameworks */,
				8D6D7800D841BD78BB036C16 /* [CP] Copy Pods Resources */,
			);
			buildRules = (
			);
			dependencies = (
			);
			name = Pronto;
			productName = Pronto;
			productReference = A2D96E081FD25897000CCF79 /* Pronto.app */;
			productType = "com.apple.product-type.application";
		};
/* End PBXNativeTarget section */

/* Begin PBXProject section */
		A2D96E001FD25897000CCF79 /* Project object */ = {
			isa = PBXProject;
			attributes = {
				LastSwiftUpdateCheck = 0910;
				LastUpgradeCheck = 0910;
				ORGANIZATIONNAME = "John Eris Villanueva";
				TargetAttributes = {
					A2D96E071FD25897000CCF79 = {
						CreatedOnToolsVersion = 9.1;
						ProvisioningStyle = Automatic;
					};
				};
			};
			buildConfigurationList = A2D96E031FD25897000CCF79 /* Build configuration list for PBXProject "Pronto" */;
			compatibilityVersion = "Xcode 8.0";
			developmentRegion = en;
			hasScannedForEncodings = 0;
			knownRegions = (
				en,
				Base,
			);
			mainGroup = A2D96DFF1FD25897000CCF79;
			productRefGroup = A2D96E091FD25897000CCF79 /* Products */;
			projectDirPath = "";
			projectRoot = "";
			targets = (
				A2D96E071FD25897000CCF79 /* Pronto */,
			);
		};
/* End PBXProject section */

/* Begin PBXResourcesBuildPhase section */
		A2D96E061FD25897000CCF79 /* Resources */ = {
			isa = PBXResourcesBuildPhase;
			buildActionMask = 2147483647;
			files = (
				A2D96E0E1FD25897000CCF79 /* Scene.sks in Resources */,
				A2D96E1A1FD25897000CCF79 /* LaunchScreen.storyboard in Resources */,
				A2D96E171FD25897000CCF79 /* Assets.xcassets in Resources */,
				A2D96E151FD25897000CCF79 /* Main.storyboard in Resources */,
			);
			runOnlyForDeploymentPostprocessing = 0;
		};
/* End PBXResourcesBuildPhase section */

/* Begin PBXShellScriptBuildPhase section */
		8D6D7800D841BD78BB036C16 /* [CP] Copy Pods Resources */ = {
			isa = PBXShellScriptBuildPhase;
			buildActionMask = 2147483647;
			files = (
			);
			inputPaths = (
			);
			name = "[CP] Copy Pods Resources";
			outputPaths = (
			);
			runOnlyForDeploymentPostprocessing = 0;
			shellPath = /bin/sh;
			shellScript = "\"${SRCROOT}/Pods/Target Support Files/Pods-Pronto/Pods-Pronto-resources.sh\"\n";
			showEnvVarsInLog = 0;
		};
		9C65D58AC557BE69A648AE28 /* [CP] Embed Pods Frameworks */ = {
			isa = PBXShellScriptBuildPhase;
			buildActionMask = 2147483647;
			files = (
			);
			inputPaths = (
				"${SRCROOT}/Pods/Target Support Files/Pods-Pronto/Pods-Pronto-frameworks.sh",
				"${BUILT_PRODUCTS_DIR}/Alamofire/Alamofire.framework",
				"${BUILT_PRODUCTS_DIR}/Kingfisher/Kingfisher.framework",
				"${BUILT_PRODUCTS_DIR}/Moya/Moya.framework",
				"${BUILT_PRODUCTS_DIR}/Moya-ObjectMapper/Moya_ObjectMapper.framework",
				"${BUILT_PRODUCTS_DIR}/ObjectMapper/ObjectMapper.framework",
				"${BUILT_PRODUCTS_DIR}/Result/Result.framework",
				"${BUILT_PRODUCTS_DIR}/RxSwift/RxSwift.framework",
			);
			name = "[CP] Embed Pods Frameworks";
			outputPaths = (
				"${TARGET_BUILD_DIR}/${FRAMEWORKS_FOLDER_PATH}/Alamofire.framework",
				"${TARGET_BUILD_DIR}/${FRAMEWORKS_FOLDER_PATH}/Kingfisher.framework",
				"${TARGET_BUILD_DIR}/${FRAMEWORKS_FOLDER_PATH}/Moya.framework",
				"${TARGET_BUILD_DIR}/${FRAMEWORKS_FOLDER_PATH}/Moya_ObjectMapper.framework",
				"${TARGET_BUILD_DIR}/${FRAMEWORKS_FOLDER_PATH}/ObjectMapper.framework",
				"${TARGET_BUILD_DIR}/${FRAMEWORKS_FOLDER_PATH}/Result.framework",
				"${TARGET_BUILD_DIR}/${FRAMEWORKS_FOLDER_PATH}/RxSwift.framework",
			);
			runOnlyForDeploymentPostprocessing = 0;
			shellPath = /bin/sh;
			shellScript = "\"${SRCROOT}/Pods/Target Support Files/Pods-Pronto/Pods-Pronto-frameworks.sh\"\n";
			showEnvVarsInLog = 0;
		};
		A8E8CB0A87A4371F3CFDF1AB /* [CP] Check Pods Manifest.lock */ = {
			isa = PBXShellScriptBuildPhase;
			buildActionMask = 2147483647;
			files = (
			);
			inputPaths = (
				"${PODS_PODFILE_DIR_PATH}/Podfile.lock",
				"${PODS_ROOT}/Manifest.lock",
			);
			name = "[CP] Check Pods Manifest.lock";
			outputPaths = (
				"$(DERIVED_FILE_DIR)/Pods-Pronto-checkManifestLockResult.txt",
			);
			runOnlyForDeploymentPostprocessing = 0;
			shellPath = /bin/sh;
			shellScript = "diff \"${PODS_PODFILE_DIR_PATH}/Podfile.lock\" \"${PODS_ROOT}/Manifest.lock\" > /dev/null\nif [ $? != 0 ] ; then\n    # print error to STDERR\n    echo \"error: The sandbox is not in sync with the Podfile.lock. Run 'pod install' or update your CocoaPods installation.\" >&2\n    exit 1\nfi\n# This output is used by Xcode 'outputs' to avoid re-running this script phase.\necho \"SUCCESS\" > \"${SCRIPT_OUTPUT_FILE_0}\"\n";
			showEnvVarsInLog = 0;
		};
/* End PBXShellScriptBuildPhase section */

/* Begin PBXSourcesBuildPhase section */
		A2D96E041FD25897000CCF79 /* Sources */ = {
			isa = PBXSourcesBuildPhase;
			buildActionMask = 2147483647;
			files = (
				A2D96E231FD25DAB000CCF79 /* UIView+Designable.swift in Sources */,
				A21150881FD28D7F00185DAA /* SKLabelNode+.swift in Sources */,
				A22639361FD346FD006B1891 /* MerchantCollectionViewCell.swift in Sources */,
				A2D96E121FD25897000CCF79 /* ViewController.swift in Sources */,
				A211508F1FD2C23E00185DAA /* Food101.mlmodel in Sources */,
				A21150981FD2E37300185DAA /* FoodParam.swift in Sources */,
				A2D96E101FD25897000CCF79 /* Scene.swift in Sources */,
				A211509B1FD2E4AD00185DAA /* Repository.swift in Sources */,
				A2D3CD891FD317D800D704FD /* Food.swift in Sources */,
				A21150951FD2E0C800185DAA /* ApiService.swift in Sources */,
				A2D96E0C1FD25897000CCF79 /* AppDelegate.swift in Sources */,
			);
			runOnlyForDeploymentPostprocessing = 0;
		};
/* End PBXSourcesBuildPhase section */

/* Begin PBXVariantGroup section */
		A2D96E131FD25897000CCF79 /* Main.storyboard */ = {
			isa = PBXVariantGroup;
			children = (
				A2D96E141FD25897000CCF79 /* Base */,
			);
			name = Main.storyboard;
			sourceTree = "<group>";
		};
		A2D96E181FD25897000CCF79 /* LaunchScreen.storyboard */ = {
			isa = PBXVariantGroup;
			children = (
				A2D96E191FD25897000CCF79 /* Base */,
			);
			name = LaunchScreen.storyboard;
			sourceTree = "<group>";
		};
/* End PBXVariantGroup section */

/* Begin XCBuildConfiguration section */
		A2D96E1C1FD25897000CCF79 /* Debug */ = {
			isa = XCBuildConfiguration;
			buildSettings = {
				ALWAYS_SEARCH_USER_PATHS = NO;
				CLANG_ANALYZER_NONNULL = YES;
				CLANG_ANALYZER_NUMBER_OBJECT_CONVERSION = YES_AGGRESSIVE;
				CLANG_CXX_LANGUAGE_STANDARD = "gnu++14";
				CLANG_CXX_LIBRARY = "libc++";
				CLANG_ENABLE_MODULES = YES;
				CLANG_ENABLE_OBJC_ARC = YES;
				CLANG_WARN_BLOCK_CAPTURE_AUTORELEASING = YES;
				CLANG_WARN_BOOL_CONVERSION = YES;
				CLANG_WARN_COMMA = YES;
				CLANG_WARN_CONSTANT_CONVERSION = YES;
				CLANG_WARN_DIRECT_OBJC_ISA_USAGE = YES_ERROR;
				CLANG_WARN_DOCUMENTATION_COMMENTS = YES;
				CLANG_WARN_EMPTY_BODY = YES;
				CLANG_WARN_ENUM_CONVERSION = YES;
				CLANG_WARN_INFINITE_RECURSION = YES;
				CLANG_WARN_INT_CONVERSION = YES;
				CLANG_WARN_NON_LITERAL_NULL_CONVERSION = YES;
				CLANG_WARN_OBJC_LITERAL_CONVERSION = YES;
				CLANG_WARN_OBJC_ROOT_CLASS = YES_ERROR;
				CLANG_WARN_RANGE_LOOP_ANALYSIS = YES;
				CLANG_WARN_STRICT_PROTOTYPES = YES;
				CLANG_WARN_SUSPICIOUS_MOVE = YES;
				CLANG_WARN_UNGUARDED_AVAILABILITY = YES_AGGRESSIVE;
				CLANG_WARN_UNREACHABLE_CODE = YES;
				CLANG_WARN__DUPLICATE_METHOD_MATCH = YES;
				CODE_SIGN_IDENTITY = "iPhone Developer";
				COPY_PHASE_STRIP = NO;
				DEBUG_INFORMATION_FORMAT = dwarf;
				ENABLE_STRICT_OBJC_MSGSEND = YES;
				ENABLE_TESTABILITY = YES;
				GCC_C_LANGUAGE_STANDARD = gnu11;
				GCC_DYNAMIC_NO_PIC = NO;
				GCC_NO_COMMON_BLOCKS = YES;
				GCC_OPTIMIZATION_LEVEL = 0;
				GCC_PREPROCESSOR_DEFINITIONS = (
					"DEBUG=1",
					"$(inherited)",
				);
				GCC_WARN_64_TO_32_BIT_CONVERSION = YES;
				GCC_WARN_ABOUT_RETURN_TYPE = YES_ERROR;
				GCC_WARN_UNDECLARED_SELECTOR = YES;
				GCC_WARN_UNINITIALIZED_AUTOS = YES_AGGRESSIVE;
				GCC_WARN_UNUSED_FUNCTION = YES;
				GCC_WARN_UNUSED_VARIABLE = YES;
				IPHONEOS_DEPLOYMENT_TARGET = 11.1;
				MTL_ENABLE_DEBUG_INFO = YES;
				ONLY_ACTIVE_ARCH = YES;
				SDKROOT = iphoneos;
				SWIFT_ACTIVE_COMPILATION_CONDITIONS = DEBUG;
				SWIFT_OPTIMIZATION_LEVEL = "-Onone";
			};
			name = Debug;
		};
		A2D96E1D1FD25897000CCF79 /* Release */ = {
			isa = XCBuildConfiguration;
			buildSettings = {
				ALWAYS_SEARCH_USER_PATHS = NO;
				CLANG_ANALYZER_NONNULL = YES;
				CLANG_ANALYZER_NUMBER_OBJECT_CONVERSION = YES_AGGRESSIVE;
				CLANG_CXX_LANGUAGE_STANDARD = "gnu++14";
				CLANG_CXX_LIBRARY = "libc++";
				CLANG_ENABLE_MODULES = YES;
				CLANG_ENABLE_OBJC_ARC = YES;
				CLANG_WARN_BLOCK_CAPTURE_AUTORELEASING = YES;
				CLANG_WARN_BOOL_CONVERSION = YES;
				CLANG_WARN_COMMA = YES;
				CLANG_WARN_CONSTANT_CONVERSION = YES;
				CLANG_WARN_DIRECT_OBJC_ISA_USAGE = YES_ERROR;
				CLANG_WARN_DOCUMENTATION_COMMENTS = YES;
				CLANG_WARN_EMPTY_BODY = YES;
				CLANG_WARN_ENUM_CONVERSION = YES;
				CLANG_WARN_INFINITE_RECURSION = YES;
				CLANG_WARN_INT_CONVERSION = YES;
				CLANG_WARN_NON_LITERAL_NULL_CONVERSION = YES;
				CLANG_WARN_OBJC_LITERAL_CONVERSION = YES;
				CLANG_WARN_OBJC_ROOT_CLASS = YES_ERROR;
				CLANG_WARN_RANGE_LOOP_ANALYSIS = YES;
				CLANG_WARN_STRICT_PROTOTYPES = YES;
				CLANG_WARN_SUSPICIOUS_MOVE = YES;
				CLANG_WARN_UNGUARDED_AVAILABILITY = YES_AGGRESSIVE;
				CLANG_WARN_UNREACHABLE_CODE = YES;
				CLANG_WARN__DUPLICATE_METHOD_MATCH = YES;
				CODE_SIGN_IDENTITY = "iPhone Developer";
				COPY_PHASE_STRIP = NO;
				DEBUG_INFORMATION_FORMAT = "dwarf-with-dsym";
				ENABLE_NS_ASSERTIONS = NO;
				ENABLE_STRICT_OBJC_MSGSEND = YES;
				GCC_C_LANGUAGE_STANDARD = gnu11;
				GCC_NO_COMMON_BLOCKS = YES;
				GCC_WARN_64_TO_32_BIT_CONVERSION = YES;
				GCC_WARN_ABOUT_RETURN_TYPE = YES_ERROR;
				GCC_WARN_UNDECLARED_SELECTOR = YES;
				GCC_WARN_UNINITIALIZED_AUTOS = YES_AGGRESSIVE;
				GCC_WARN_UNUSED_FUNCTION = YES;
				GCC_WARN_UNUSED_VARIABLE = YES;
				IPHONEOS_DEPLOYMENT_TARGET = 11.1;
				MTL_ENABLE_DEBUG_INFO = NO;
				SDKROOT = iphoneos;
				SWIFT_OPTIMIZATION_LEVEL = "-Owholemodule";
				VALIDATE_PRODUCT = YES;
			};
			name = Release;
		};
		A2D96E1F1FD25897000CCF79 /* Debug */ = {
			isa = XCBuildConfiguration;
			baseConfigurationReference = DDEFE6CFFC8FB3A5102A9B38 /* Pods-Pronto.debug.xcconfig */;
			buildSettings = {
				ASSETCATALOG_COMPILER_APPICON_NAME = AppIcon;
				CODE_SIGN_STYLE = Automatic;
				DEVELOPMENT_TEAM = W4GCV55S6H;
				INFOPLIST_FILE = Pronto/Info.plist;
				LD_RUNPATH_SEARCH_PATHS = "$(inherited) @executable_path/Frameworks";
				PRODUCT_BUNDLE_IDENTIFIER = com.whitecloak.ios.Pronto;
				PRODUCT_NAME = "$(TARGET_NAME)";
				SWIFT_VERSION = 3.0;
				TARGETED_DEVICE_FAMILY = "1,2";
			};
			name = Debug;
		};
		A2D96E201FD25897000CCF79 /* Release */ = {
			isa = XCBuildConfiguration;
			baseConfigurationReference = 845BDD71266FD9C1F9DF35E8 /* Pods-Pronto.release.xcconfig */;
			buildSettings = {
				ASSETCATALOG_COMPILER_APPICON_NAME = AppIcon;
				CODE_SIGN_STYLE = Automatic;
				DEVELOPMENT_TEAM = W4GCV55S6H;
				INFOPLIST_FILE = Pronto/Info.plist;
				LD_RUNPATH_SEARCH_PATHS = "$(inherited) @executable_path/Frameworks";
				PRODUCT_BUNDLE_IDENTIFIER = com.whitecloak.ios.Pronto;
				PRODUCT_NAME = "$(TARGET_NAME)";
				SWIFT_VERSION = 3.0;
				TARGETED_DEVICE_FAMILY = "1,2";
			};
			name = Release;
		};
/* End XCBuildConfiguration section */

/* Begin XCConfigurationList section */
		A2D96E031FD25897000CCF79 /* Build configuration list for PBXProject "Pronto" */ = {
			isa = XCConfigurationList;
			buildConfigurations = (
				A2D96E1C1FD25897000CCF79 /* Debug */,
				A2D96E1D1FD25897000CCF79 /* Release */,
			);
			defaultConfigurationIsVisible = 0;
			defaultConfigurationName = Release;
		};
		A2D96E1E1FD25897000CCF79 /* Build configuration list for PBXNativeTarget "Pronto" */ = {
			isa = XCConfigurationList;
			buildConfigurations = (
				A2D96E1F1FD25897000CCF79 /* Debug */,
				A2D96E201FD25897000CCF79 /* Release */,
			);
			defaultConfigurationIsVisible = 0;
			defaultConfigurationName = Release;
		};
/* End XCConfigurationList section */
	};
	rootObject = A2D96E001FD25897000CCF79 /* Project object */;
}
